<?xml version="1.0" encoding="utf-8"?>
<Project ToolsVersion="4.0" xmlns="http://schemas.microsoft.com/developer/msbuild/2003">
  <ItemGroup>
    <Filter Include="Source Files">
      <UniqueIdentifier>{4FC737F1-C7A5-4376-A066-2A32D752A2FF}</UniqueIdentifier>
      <Extensions>cpp;c;cc;cxx;c++;cppm;ixx;def;odl;idl;hpj;bat;asm;asmx</Extensions>
    </Filter>
    <Filter Include="Header Files">
      <UniqueIdentifier>{93995380-89BD-4b04-88EB-625FBE52EBFB}</UniqueIdentifier>
      <Extensions>h;hh;hpp;hxx;h++;hm;inl;inc;ipp;xsd</Extensions>
    </Filter>
    <Filter Include="Resource Files">
      <UniqueIdentifier>{67DA6AB6-F800-4c08-8B7A-83BB121AAD01}</UniqueIdentifier>
      <Extensions>rc;ico;cur;bmp;dlg;rc2;rct;bin;rgs;gif;jpg;jpeg;jpe;resx;tiff;tif;png;wav;mfcribbon-ms</Extensions>
    </Filter>
  </ItemGroup>
  <ItemGroup>
    <ClInclude Include="Avion.h">
      <Filter>Header Files</Filter>
    </ClInclude>
    <ClInclude Include="Ruta.h">
      <Filter>Header Files</Filter>
    </ClInclude>
    <ClInclude Include="Aerolinea.h">
      <Filter>Header Files</Filter>
    </ClInclude>
    <ClInclude Include="Vuelo.h">
      <Filter>Header Files</Filter>
    </ClInclude>
    <ClInclude Include="Persona.h">
      <Filter>Header Files</Filter>
    </ClInclude>
    <ClInclude Include="Pasajero.h">
      <Filter>Header Files</Filter>
    </ClInclude>
    <ClInclude Include="Piloto.h">
      <Filter>Header Files</Filter>
    </ClInclude>
    <ClInclude Include="Flota.h">
      <Filter>Header Files</Filter>
    </ClInclude>
    <ClInclude Include="Fecha.h">
      <Filter>Header Files</Filter>
    </ClInclude>
    <ClInclude Include="Hora.h">
      <Filter>Header Files</Filter>
    </ClInclude>
    <ClInclude Include="Tripulacion.h">
      <Filter>Header Files</Filter>
    </ClInclude>
    <ClInclude Include="NodoTripulacion.h">
      <Filter>Header Files</Filter>
    </ClInclude>
    <ClInclude Include="NodoPasajero.h">
      <Filter>Header Files</Filter>
    </ClInclude>
    <ClInclude Include="NodoVuelo.h">
      <Filter>Header Files</Filter>
    </ClInclude>
    <ClInclude Include="NodoRuta.h">
      <Filter>Header Files</Filter>
    </ClInclude>
    <ClInclude Include="NodoReservacion.h">
      <Filter>Header Files</Filter>
    </ClInclude>
    <ClInclude Include="Reservacion.h">
      <Filter>Header Files</Filter>
    </ClInclude>
    <ClInclude Include="ContenedorLPasajero.h">
      <Filter>Header Files</Filter>
    </ClInclude>
    <ClInclude Include="ContenedorLReservacion.h">
      <Filter>Header Files</Filter>
    </ClInclude>
    <ClInclude Include="ContenedorLRuta.h">
      <Filter>Header Files</Filter>
    </ClInclude>
    <ClInclude Include="ContenedorLTripulacion.h">
      <Filter>Header Files</Filter>
    </ClInclude>
    <ClInclude Include="ContenedorLVuelo.h">
      <Filter>Header Files</Filter>
    </ClInclude>
    <ClInclude Include="Utilidades.h">
      <Filter>Header Files</Filter>
    </ClInclude>
    <ClInclude Include="Sobrecargo.h">
      <Filter>Header Files</Filter>
    </ClInclude>
    <ClInclude Include="Interfaz.h">
      <Filter>Header Files</Filter>
    </ClInclude>
    <ClInclude Include="Controladora.h">
      <Filter>Header Files</Filter>
    </ClInclude>
  </ItemGroup>
  <ItemGroup>
    <ClCompile Include="Aerolinea.cpp">
      <Filter>Source Files</Filter>
    </ClCompile>
    <ClCompile Include="Avion.cpp">
      <Filter>Source Files</Filter>
    </ClCompile>
    <ClCompile Include="Principal.cpp">
      <Filter>Source Files</Filter>
    </ClCompile>
    <ClCompile Include="Persona.cpp">
      <Filter>Source Files</Filter>
    </ClCompile>
    <ClCompile Include="Tripulacion.cpp">
      <Filter>Source Files</Filter>
    </ClCompile>
    <ClCompile Include="Sobrecargo.cpp">
      <Filter>Source Files</Filter>
    </ClCompile>
    <ClCompile Include="Piloto.cpp">
      <Filter>Source Files</Filter>
    </ClCompile>
    <ClCompile Include="Fecha.cpp">
      <Filter>Source Files</Filter>
    </ClCompile>
    <ClCompile Include="Hora.cpp">
      <Filter>Source Files</Filter>
    </ClCompile>
    <ClCompile Include="Ruta.cpp">
      <Filter>Source Files</Filter>
    </ClCompile>
    <ClCompile Include="Vuelo.cpp">
      <Filter>Source Files</Filter>
    </ClCompile>
    <ClCompile Include="Pasajero.cpp">
      <Filter>Source Files</Filter>
    </ClCompile>
    <ClCompile Include="Flota.cpp">
      <Filter>Source Files</Filter>
    </ClCompile>
    <ClCompile Include="Reservacion.cpp">
      <Filter>Source Files</Filter>
    </ClCompile>
    <ClCompile Include="NodoPasajero.cpp">
      <Filter>Source Files</Filter>
    </ClCompile>
    <ClCompile Include="NodoReservacion.cpp">
      <Filter>Source Files</Filter>
    </ClCompile>
    <ClCompile Include="NodoRuta.cpp">
      <Filter>Source Files</Filter>
    </ClCompile>
    <ClCompile Include="NodoTripulacion.cpp">
      <Filter>Source Files</Filter>
    </ClCompile>
    <ClCompile Include="NodoVuelo.cpp">
      <Filter>Source Files</Filter>
    </ClCompile>
    <ClCompile Include="ContenedorLVuelo.cpp">
      <Filter>Source Files</Filter>
    </ClCompile>
    <ClCompile Include="Utilidades.cpp">
      <Filter>Source Files</Filter>
    </ClCompile>
    <ClCompile Include="ContenedorLTripulacion.cpp">
      <Filter>Source Files</Filter>
    </ClCompile>
    <ClCompile Include="ContenedorLResrvacion.cpp">
      <Filter>Source Files</Filter>
    </ClCompile>
    <ClCompile Include="ContenedorLRuta.cpp">
      <Filter>Source Files</Filter>
    </ClCompile>
    <ClCompile Include="ContenedorLPasajero.cpp">
      <Filter>Source Files</Filter>
    </ClCompile>
    <ClCompile Include="Interfaz.cpp">
      <Filter>Source Files</Filter>
    </ClCompile>
    <ClCompile Include="Controladora.cpp">
      <Filter>Source Files</Filter>
    </ClCompile>
  </ItemGroup>
</Project>