
Microsoft Visual Studio Solution File, Format Version 12.00
# Visual Studio Version 16
VisualStudioVersion = 16.0.31624.102
MinimumVisualStudioVersion = 10.0.40219.1
Project("{8BC9CEB8-8B4A-11D0-8D11-00A0C91BC942}") = "Examen 1", "Examen 1\Examen 1.vcxproj", "{70C44A20-5A6B-4F69-98E8-E85F2AD60942}"
EndProject
Global
	GlobalSection(SolutionConfigurationPlatforms) = preSolution
		Debug|x64 = Debug|x64
		Debug|x86 = Debug|x86
		Release|x64 = Release|x64
		Release|x86 = Release|x86
	EndGlobalSection
	GlobalSection(ProjectConfigurationPlatforms) = postSolution
		{70C44A20-5A6B-4F69-98E8-E85F2AD60942}.Debug|x64.ActiveCfg = Debug|x64
		{70C44A20-5A6B-4F69-98E8-E85F2AD60942}.Debug|x64.Build.0 = Debug|x64
		{70C44A20-5A6B-4F69-98E8-E85F2AD60942}.Debug|x86.ActiveCfg = Debug|Win32
		{70C44A20-5A6B-4F69-98E8-E85F2AD60942}.Debug|x86.Build.0 = Debug|Win32
		{70C44A20-5A6B-4F69-98E8-E85F2AD60942}.Release|x64.ActiveCfg = Release|x64
		{70C44A20-5A6B-4F69-98E8-E85F2AD60942}.Release|x64.Build.0 = Release|x64
		{70C44A20-5A6B-4F69-98E8-E85F2AD60942}.Release|x86.ActiveCfg = Release|Win32
		{70C44A20-5A6B-4F69-98E8-E85F2AD60942}.Release|x86.Build.0 = Release|Win32
	EndGlobalSection
	GlobalSection(SolutionProperties) = preSolution
		HideSolutionNode = FALSE
	EndGlobalSection
	GlobalSection(ExtensibilityGlobals) = postSolution
		SolutionGuid = {EF808997-587A-43FC-8433-443F9527E32F}
	EndGlobalSection
EndGlobal
