
Microsoft Visual Studio Solution File, Format Version 12.00
# Visual Studio Version 16
VisualStudioVersion = 16.0.31702.278
MinimumVisualStudioVersion = 10.0.40219.1
Project("{8BC9CEB8-8B4A-11D0-8D11-00A0C91BC942}") = "Proyecto 1 Cinemas(test por fallo build)", "Proyecto 1 Cinemas(test por fallo build)\Proyecto 1 Cinemas(test por fallo build).vcxproj", "{614192CE-F9B3-46A2-ADEB-932D00717447}"
EndProject
Global
	GlobalSection(SolutionConfigurationPlatforms) = preSolution
		Debug|x64 = Debug|x64
		Debug|x86 = Debug|x86
		Release|x64 = Release|x64
		Release|x86 = Release|x86
	EndGlobalSection
	GlobalSection(ProjectConfigurationPlatforms) = postSolution
		{614192CE-F9B3-46A2-ADEB-932D00717447}.Debug|x64.ActiveCfg = Debug|x64
		{614192CE-F9B3-46A2-ADEB-932D00717447}.Debug|x64.Build.0 = Debug|x64
		{614192CE-F9B3-46A2-ADEB-932D00717447}.Debug|x86.ActiveCfg = Debug|Win32
		{614192CE-F9B3-46A2-ADEB-932D00717447}.Debug|x86.Build.0 = Debug|Win32
		{614192CE-F9B3-46A2-ADEB-932D00717447}.Release|x64.ActiveCfg = Release|x64
		{614192CE-F9B3-46A2-ADEB-932D00717447}.Release|x64.Build.0 = Release|x64
		{614192CE-F9B3-46A2-ADEB-932D00717447}.Release|x86.ActiveCfg = Release|Win32
		{614192CE-F9B3-46A2-ADEB-932D00717447}.Release|x86.Build.0 = Release|Win32
	EndGlobalSection
	GlobalSection(SolutionProperties) = preSolution
		HideSolutionNode = FALSE
	EndGlobalSection
	GlobalSection(ExtensibilityGlobals) = postSolution
		SolutionGuid = {2E03F88E-33AA-4ADF-ADB8-32364B3FF8BE}
	EndGlobalSection
EndGlobal
