
Microsoft Visual Studio Solution File, Format Version 12.00
# Visual Studio Version 16
VisualStudioVersion = 16.0.31624.102
MinimumVisualStudioVersion = 10.0.40219.1
Project("{8BC9CEB8-8B4A-11D0-8D11-00A0C91BC942}") = "ContenedorMatricial-054", "ContenedorMatricial-054\ContenedorMatricial-054.vcxproj", "{02C45D60-ED99-46C4-8A5F-32989F47DDD4}"
EndProject
Global
	GlobalSection(SolutionConfigurationPlatforms) = preSolution
		Debug|x64 = Debug|x64
		Debug|x86 = Debug|x86
		Release|x64 = Release|x64
		Release|x86 = Release|x86
	EndGlobalSection
	GlobalSection(ProjectConfigurationPlatforms) = postSolution
		{02C45D60-ED99-46C4-8A5F-32989F47DDD4}.Debug|x64.ActiveCfg = Debug|x64
		{02C45D60-ED99-46C4-8A5F-32989F47DDD4}.Debug|x64.Build.0 = Debug|x64
		{02C45D60-ED99-46C4-8A5F-32989F47DDD4}.Debug|x86.ActiveCfg = Debug|Win32
		{02C45D60-ED99-46C4-8A5F-32989F47DDD4}.Debug|x86.Build.0 = Debug|Win32
		{02C45D60-ED99-46C4-8A5F-32989F47DDD4}.Release|x64.ActiveCfg = Release|x64
		{02C45D60-ED99-46C4-8A5F-32989F47DDD4}.Release|x64.Build.0 = Release|x64
		{02C45D60-ED99-46C4-8A5F-32989F47DDD4}.Release|x86.ActiveCfg = Release|Win32
		{02C45D60-ED99-46C4-8A5F-32989F47DDD4}.Release|x86.Build.0 = Release|Win32
	EndGlobalSection
	GlobalSection(SolutionProperties) = preSolution
		HideSolutionNode = FALSE
	EndGlobalSection
	GlobalSection(ExtensibilityGlobals) = postSolution
		SolutionGuid = {76451C81-4ACB-4920-9862-F6FC50344973}
	EndGlobalSection
EndGlobal
